# THIS IS AN AUTOGENERATED FILE. DO NOT EDIT THIS FILE DIRECTLY.
# yarn lockfile v1


accepts@~1.3.3:
  version "1.3.3"
  resolved "https://registry.yarnpkg.com/accepts/-/accepts-1.3.3.tgz#c3ca7434938648c3e0d9c1e328dd68b622c284ca"
  dependencies:
    mime-types "~2.1.11"
    negotiator "0.6.1"

addressparser@^0.3.2:
  version "0.3.2"
  resolved "https://registry.yarnpkg.com/addressparser/-/addressparser-0.3.2.tgz#59873f35e8fcf6c7361c10239261d76e15348bb2"

amdefine@>=0.0.4:
  version "1.0.1"
  resolved "https://registry.yarnpkg.com/amdefine/-/amdefine-1.0.1.tgz#4a5282ac164729e93619bcfd3ad151f817ce91f5"

array-flatten@1.1.1:
  version "1.1.1"
  resolved "https://registry.yarnpkg.com/array-flatten/-/array-flatten-1.1.1.tgz#9a5f699051b1e7073328f2a008968b64ea2955d2"

async@2.1.4:
  version "2.1.4"
  resolved "https://registry.yarnpkg.com/async/-/async-2.1.4.tgz#2d2160c7788032e4dd6cbe2502f1f9a2c8f6cde4"
  dependencies:
    lodash "^4.14.0"

async@^0.9.0, async@~0.9.0:
  version "0.9.2"
  resolved "https://registry.yarnpkg.com/async/-/async-0.9.2.tgz#aea74d5e61c1f899613bf64bda66d4c78f2fd17d"

async@~0.2.6:
  version "0.2.10"
  resolved "https://registry.yarnpkg.com/async/-/async-0.2.10.tgz#b6bbe0b0674b9d719708ca38de8c237cb526c3d1"

basic-auth@1.0.0:
  version "1.0.0"
  resolved "https://registry.yarnpkg.com/basic-auth/-/basic-auth-1.0.0.tgz#111b2d9ff8e4e6d136b8c84ea5e096cb87351637"

bcrypt-nodejs@0.0.3:
  version "0.0.3"
  resolved "https://registry.yarnpkg.com/bcrypt-nodejs/-/bcrypt-nodejs-0.0.3.tgz#c60917f26dc235661566c681061c303c2b28842b"

bluebird@2.10.2:
  version "2.10.2"
  resolved "https://registry.yarnpkg.com/bluebird/-/bluebird-2.10.2.tgz#024a5517295308857f14f91f1106fc3b555f446b"

bluebird@3.4.x:
  version "3.4.7"
  resolved "https://registry.yarnpkg.com/bluebird/-/bluebird-3.4.7.tgz#f72d760be09b7f76d08ed8fae98b289a8d05fab3"

bluebird@^2.9.6:
  version "2.11.0"
  resolved "https://registry.yarnpkg.com/bluebird/-/bluebird-2.11.0.tgz#534b9033c022c9579c56ba3b3e5a5caafbb650e1"

bluebird@^3.0:
  version "3.5.0"
  resolved "https://registry.yarnpkg.com/bluebird/-/bluebird-3.5.0.tgz#791420d7f551eea2897453a8a77653f96606d67c"

body-parser@^1.8.4:
  version "1.17.2"
  resolved "https://registry.yarnpkg.com/body-parser/-/body-parser-1.17.2.tgz#f8892abc8f9e627d42aedafbca66bf5ab99104ee"
  dependencies:
    bytes "2.4.0"
    content-type "~1.0.2"
    debug "2.6.7"
    depd "~1.1.0"
    http-errors "~1.6.1"
    iconv-lite "0.4.15"
    on-finished "~2.3.0"
    qs "6.4.0"
    raw-body "~2.2.0"
    type-is "~1.6.15"

bson@~1.0.4:
  version "1.0.4"
  resolved "https://registry.yarnpkg.com/bson/-/bson-1.0.4.tgz#93c10d39eaa5b58415cbc4052f3e53e562b0b72c"

buffer-shims@~1.0.0:
  version "1.0.0"
  resolved "https://registry.yarnpkg.com/buffer-shims/-/buffer-shims-1.0.0.tgz#9978ce317388c649ad8793028c3477ef044a8b51"

buildmail@^2.0.0:
  version "2.0.0"
  resolved "https://registry.yarnpkg.com/buildmail/-/buildmail-2.0.0.tgz#f0b7b0a59e9a4a1b5066bbfa051d248f3832eece"
  dependencies:
    addressparser "^0.3.2"
    libbase64 "^0.1.0"
    libmime "^1.2.0"
    libqp "^1.1.0"
    needle "^0.10.0"

bytes@2.4.0:
  version "2.4.0"
  resolved "https://registry.yarnpkg.com/bytes/-/bytes-2.4.0.tgz#7d97196f9d5baf7f6935e25985549edd2a6c2339"

bytes@2.5.0:
  version "2.5.0"
  resolved "https://registry.yarnpkg.com/bytes/-/bytes-2.5.0.tgz#4c9423ea2d252c270c41b2bdefeff9bb6b62c06a"

camelcase@^1.0.2:
  version "1.2.1"
  resolved "https://registry.yarnpkg.com/camelcase/-/camelcase-1.2.1.tgz#9bb5304d2e0b56698b2c758b08a3eaa9daa58a39"

clone@^1.0.2:
  version "1.0.2"
  resolved "https://registry.yarnpkg.com/clone/-/clone-1.0.2.tgz#260b7a99ebb1edfe247538175f783243cb19d149"

combined-stream@~0.0.4:
  version "0.0.7"
  resolved "https://registry.yarnpkg.com/combined-stream/-/combined-stream-0.0.7.tgz#0137e657baa5a7541c57ac37ac5fc07d73b4dc1f"
  dependencies:
    delayed-stream "0.0.5"

component-emitter@1.1.2:
  version "1.1.2"
  resolved "https://registry.yarnpkg.com/component-emitter/-/component-emitter-1.1.2.tgz#296594f2753daa63996d2af08d15a95116c9aec3"

compressible@~2.0.10:
  version "2.0.11"
  resolved "https://registry.yarnpkg.com/compressible/-/compressible-2.0.11.tgz#16718a75de283ed8e604041625a2064586797d8a"
  dependencies:
    mime-db ">= 1.29.0 < 2"

compression@*:
  version "1.7.0"
  resolved "https://registry.yarnpkg.com/compression/-/compression-1.7.0.tgz#030c9f198f1643a057d776a738e922da4373012d"
  dependencies:
    accepts "~1.3.3"
    bytes "2.5.0"
    compressible "~2.0.10"
    debug "2.6.8"
    on-headers "~1.0.1"
    safe-buffer "5.1.1"
    vary "~1.1.1"

connect-flash@0.1.x:
  version "0.1.1"
  resolved "https://registry.yarnpkg.com/connect-flash/-/connect-flash-0.1.1.tgz#d8630f26d95a7f851f9956b1e8cc6732f3b6aa30"

connect-mongo@*:
  version "1.3.2"
  resolved "https://registry.yarnpkg.com/connect-mongo/-/connect-mongo-1.3.2.tgz#7cbf58dfff26760e5e00e017d0a85b4bc90b9d37"
  dependencies:
    bluebird "^3.0"
    mongodb ">= 1.2.0 <3.0.0"

content-disposition@0.5.2:
  version "0.5.2"
  resolved "https://registry.yarnpkg.com/content-disposition/-/content-disposition-0.5.2.tgz#0cf68bb9ddf5f2be7961c3a85178cb85dba78cb4"

content-type@~1.0.2:
  version "1.0.2"
  resolved "https://registry.yarnpkg.com/content-type/-/content-type-1.0.2.tgz#b7d113aee7a8dd27bd21133c4dc2529df1721eed"

cookie-parser@~1.3.3:
  version "1.3.5"
  resolved "https://registry.yarnpkg.com/cookie-parser/-/cookie-parser-1.3.5.tgz#9d755570fb5d17890771227a02314d9be7cf8356"
  dependencies:
    cookie "0.1.3"
    cookie-signature "1.0.6"

cookie-signature@1.0.6:
  version "1.0.6"
  resolved "https://registry.yarnpkg.com/cookie-signature/-/cookie-signature-1.0.6.tgz#e303a882b342cc3ee8ca513a79999734dab3ae2c"

cookie@0.1.3:
  version "0.1.3"
  resolved "https://registry.yarnpkg.com/cookie/-/cookie-0.1.3.tgz#e734a5c1417fce472d5aef82c381cabb64d1a435"

cookie@0.3.1:
  version "0.3.1"
  resolved "https://registry.yarnpkg.com/cookie/-/cookie-0.3.1.tgz#e7e0a1f9ef43b4c8ba925c5c5a96e806d16873bb"

cookiejar@2.0.1:
  version "2.0.1"
  resolved "https://registry.yarnpkg.com/cookiejar/-/cookiejar-2.0.1.tgz#3d12752f6adf68a892f332433492bd5812bb668f"

core-util-is@~1.0.0:
  version "1.0.2"
  resolved "https://registry.yarnpkg.com/core-util-is/-/core-util-is-1.0.2.tgz#b5fd54220aa2bc5ab57aab7140c940754503c1a7"

cors@*:
  version "2.8.4"
  resolved "https://registry.yarnpkg.com/cors/-/cors-2.8.4.tgz#2bd381f2eb201020105cd50ea59da63090694686"
  dependencies:
    object-assign "^4"
    vary "^1"

crc@3.2.1:
  version "3.2.1"
  resolved "https://registry.yarnpkg.com/crc/-/crc-3.2.1.tgz#5d9c8fb77a245cd5eca291e5d2d005334bab0082"

crc@3.4.4:
  version "3.4.4"
  resolved "https://registry.yarnpkg.com/crc/-/crc-3.4.4.tgz#9da1e980e3bd44fc5c93bf5ab3da3378d85e466b"

debug@2.6.7:
  version "2.6.7"
  resolved "https://registry.yarnpkg.com/debug/-/debug-2.6.7.tgz#92bad1f6d05bbb6bba22cca88bcd0ec894c2861e"
  dependencies:
    ms "2.0.0"

debug@2.6.8, debug@^2.1.2:
  version "2.6.8"
  resolved "https://registry.yarnpkg.com/debug/-/debug-2.6.8.tgz#e731531ca2ede27d188222427da17821d68ff4fc"
  dependencies:
    ms "2.0.0"

debug@~1.0.1:
  version "1.0.5"
  resolved "https://registry.yarnpkg.com/debug/-/debug-1.0.5.tgz#f7241217430f99dec4c2b473eab92228e874c2ac"
  dependencies:
    ms "2.0.0"

debug@~2.0.0:
  version "2.0.0"
  resolved "https://registry.yarnpkg.com/debug/-/debug-2.0.0.tgz#89bd9df6732b51256bc6705342bba02ed12131ef"
  dependencies:
    ms "0.6.2"

decamelize@^1.0.0:
  version "1.2.0"
  resolved "https://registry.yarnpkg.com/decamelize/-/decamelize-1.2.0.tgz#f6534d15148269b20352e7bee26f501f9a191290"

delayed-stream@0.0.5:
  version "0.0.5"
  resolved "https://registry.yarnpkg.com/delayed-stream/-/delayed-stream-0.0.5.tgz#d4b1f43a93e8296dfe02694f4680bc37a313c73f"

depd@0.4.5:
  version "0.4.5"
  resolved "https://registry.yarnpkg.com/depd/-/depd-0.4.5.tgz#1a664b53388b4a6573e8ae67b5f767c693ca97f1"

depd@1.1.1, depd@~1.1.0, depd@~1.1.1:
  version "1.1.1"
  resolved "https://registry.yarnpkg.com/depd/-/depd-1.1.1.tgz#5783b4e1c459f06fa5ca27f991f3d06e7a310359"

destroy@~1.0.4:
  version "1.0.4"
  resolved "https://registry.yarnpkg.com/destroy/-/destroy-1.0.4.tgz#978857442c44749e4206613e37946205826abd80"

dotenv@^4.0.0:
  version "4.0.0"
  resolved "https://registry.yarnpkg.com/dotenv/-/dotenv-4.0.0.tgz#864ef1379aced55ce6f95debecdce179f7a0cd1d"

ee-first@1.0.5:
  version "1.0.5"
  resolved "https://registry.yarnpkg.com/ee-first/-/ee-first-1.0.5.tgz#8c9b212898d8cd9f1a9436650ce7be202c9e9ff0"

ee-first@1.1.1:
  version "1.1.1"
  resolved "https://registry.yarnpkg.com/ee-first/-/ee-first-1.1.1.tgz#590c61156b0ae2f4f0255732a158b266bc56b21d"

encodeurl@~1.0.1:
  version "1.0.1"
  resolved "https://registry.yarnpkg.com/encodeurl/-/encodeurl-1.0.1.tgz#79e3d58655346909fe6f0f45a5de68103b294d20"

es6-promise@3.2.1:
  version "3.2.1"
  resolved "https://registry.yarnpkg.com/es6-promise/-/es6-promise-3.2.1.tgz#ec56233868032909207170c39448e24449dd1fc4"

escape-html@~1.0.3:
  version "1.0.3"
  resolved "https://registry.yarnpkg.com/escape-html/-/escape-html-1.0.3.tgz#0258eae4d3d0c0974de1c169188ef0051d1d1988"

etag@~1.5.0:
  version "1.5.1"
  resolved "https://registry.yarnpkg.com/etag/-/etag-1.5.1.tgz#54c50de04ee42695562925ac566588291be7e9ea"
  dependencies:
    crc "3.2.1"

etag@~1.8.0:
  version "1.8.0"
  resolved "https://registry.yarnpkg.com/etag/-/etag-1.8.0.tgz#6f631aef336d6c46362b51764044ce216be3c051"

express-flash@*:
  version "0.0.2"
  resolved "https://registry.yarnpkg.com/express-flash/-/express-flash-0.0.2.tgz#23d1a8bcf3f90d707928e489f96869ecad0acda2"
  dependencies:
    connect-flash "0.1.x"

express-session@*:
  version "1.15.5"
  resolved "https://registry.yarnpkg.com/express-session/-/express-session-1.15.5.tgz#f49a18227263b316f6f8544da5fee25a540259ec"
  dependencies:
    cookie "0.3.1"
    cookie-signature "1.0.6"
    crc "3.4.4"
    debug "2.6.8"
    depd "~1.1.1"
    on-headers "~1.0.1"
    parseurl "~1.3.1"
    uid-safe "~2.1.4"
    utils-merge "1.0.0"

express-subdomain@^1.0.1:
  version "1.0.5"
  resolved "https://registry.yarnpkg.com/express-subdomain/-/express-subdomain-1.0.5.tgz#990ef97940b7f4c2823d9593648b79be858a638b"

express-validator@^2.6.0:
  version "2.21.0"
  resolved "https://registry.yarnpkg.com/express-validator/-/express-validator-2.21.0.tgz#f5fc2f9fa9e9a8578634f10e86ba5a4346b96f4f"
  dependencies:
    bluebird "3.4.x"
    lodash "4.16.x"
    validator "5.7.x"

express@^4.10.4:
  version "4.15.4"
  resolved "https://registry.yarnpkg.com/express/-/express-4.15.4.tgz#032e2253489cf8fce02666beca3d11ed7a2daed1"
  dependencies:
    accepts "~1.3.3"
    array-flatten "1.1.1"
    content-disposition "0.5.2"
    content-type "~1.0.2"
    cookie "0.3.1"
    cookie-signature "1.0.6"
    debug "2.6.8"
    depd "~1.1.1"
    encodeurl "~1.0.1"
    escape-html "~1.0.3"
    etag "~1.8.0"
    finalhandler "~1.0.4"
    fresh "0.5.0"
    merge-descriptors "1.0.1"
    methods "~1.1.2"
    on-finished "~2.3.0"
    parseurl "~1.3.1"
    path-to-regexp "0.1.7"
    proxy-addr "~1.1.5"
    qs "6.5.0"
    range-parser "~1.2.0"
    send "0.15.4"
    serve-static "1.12.4"
    setprototypeof "1.0.3"
    statuses "~1.3.1"
    type-is "~1.6.15"
    utils-merge "1.0.0"
    vary "~1.1.1"

extend@~1.2.1:
  version "1.2.1"
  resolved "https://registry.yarnpkg.com/extend/-/extend-1.2.1.tgz#a0f5fd6cfc83a5fe49ef698d60ec8a624dd4576c"

finalhandler@~1.0.4:
  version "1.0.4"
  resolved "https://registry.yarnpkg.com/finalhandler/-/finalhandler-1.0.4.tgz#18574f2e7c4b98b8ae3b230c21f201f31bdb3fb7"
  dependencies:
    debug "2.6.8"
    encodeurl "~1.0.1"
    escape-html "~1.0.3"
    on-finished "~2.3.0"
    parseurl "~1.3.1"
    statuses "~1.3.1"
    unpipe "~1.0.0"

form-data@0.1.3:
  version "0.1.3"
  resolved "https://registry.yarnpkg.com/form-data/-/form-data-0.1.3.tgz#4ee4346e6eb5362e8344a02075bd8dbd8c7373ea"
  dependencies:
    async "~0.9.0"
    combined-stream "~0.0.4"
    mime "~1.2.11"

formidable@1.0.14:
  version "1.0.14"
  resolved "https://registry.yarnpkg.com/formidable/-/formidable-1.0.14.tgz#2b3f4c411cbb5fdd695c44843e2a23514a43231a"

forwarded@~0.1.0:
  version "0.1.0"
  resolved "https://registry.yarnpkg.com/forwarded/-/forwarded-0.1.0.tgz#19ef9874c4ae1c297bcf078fde63a09b66a84363"

fresh@0.2.4:
  version "0.2.4"
  resolved "https://registry.yarnpkg.com/fresh/-/fresh-0.2.4.tgz#3582499206c9723714190edd74b4604feb4a614c"

fresh@0.5.0:
  version "0.5.0"
  resolved "https://registry.yarnpkg.com/fresh/-/fresh-0.5.0.tgz#f474ca5e6a9246d6fd8e0953cfa9b9c805afa78e"

hooks-fixed@2.0.0:
  version "2.0.0"
  resolved "https://registry.yarnpkg.com/hooks-fixed/-/hooks-fixed-2.0.0.tgz#a01d894d52ac7f6599bbb1f63dfc9c411df70cba"

http-errors@~1.6.1, http-errors@~1.6.2:
  version "1.6.2"
  resolved "https://registry.yarnpkg.com/http-errors/-/http-errors-1.6.2.tgz#0a002cc85707192a7e7946ceedc11155f60ec736"
  dependencies:
    depd "1.1.1"
    inherits "2.0.3"
    setprototypeof "1.0.3"
    statuses ">= 1.3.1 < 2"

iconv-lite@0.4.15:
  version "0.4.15"
  resolved "https://registry.yarnpkg.com/iconv-lite/-/iconv-lite-0.4.15.tgz#fe265a218ac6a57cfe854927e9d04c19825eddeb"

iconv-lite@^0.4.13, iconv-lite@^0.4.4:
  version "0.4.18"
  resolved "https://registry.yarnpkg.com/iconv-lite/-/iconv-lite-0.4.18.tgz#23d8656b16aae6742ac29732ea8f0336a4789cf2"

inherits@2.0.3, inherits@~2.0.1:
  version "2.0.3"
  resolved "https://registry.yarnpkg.com/inherits/-/inherits-2.0.3.tgz#633c2c83e3da42a502f52466022480f4208261de"

ipaddr.js@1.4.0:
  version "1.4.0"
  resolved "https://registry.yarnpkg.com/ipaddr.js/-/ipaddr.js-1.4.0.tgz#296aca878a821816e5b85d0a285a99bcff4582f0"

isarray@0.0.1:
  version "0.0.1"
  resolved "https://registry.yarnpkg.com/isarray/-/isarray-0.0.1.tgz#8a18acfca9a8f4177e09abfc6038939b05d1eedf"

isarray@~1.0.0:
  version "1.0.0"
  resolved "https://registry.yarnpkg.com/isarray/-/isarray-1.0.0.tgz#bb935d48582cba168c06834957a54a3e07124f11"

kareem@1.5.0:
  version "1.5.0"
  resolved "https://registry.yarnpkg.com/kareem/-/kareem-1.5.0.tgz#e3e4101d9dcfde299769daf4b4db64d895d17448"

libbase64@^0.1.0:
  version "0.1.0"
  resolved "https://registry.yarnpkg.com/libbase64/-/libbase64-0.1.0.tgz#62351a839563ac5ff5bd26f12f60e9830bb751e6"

libmime@^1.2.0:
  version "1.2.0"
  resolved "https://registry.yarnpkg.com/libmime/-/libmime-1.2.0.tgz#8d84b4f3b225b3704410236ef494906436ba742b"
  dependencies:
    iconv-lite "^0.4.13"
    libbase64 "^0.1.0"
    libqp "^1.1.0"

libqp@^1.1.0:
  version "1.1.0"
  resolved "https://registry.yarnpkg.com/libqp/-/libqp-1.1.0.tgz#f5e6e06ad74b794fb5b5b66988bf728ef1dedbe8"

lodash@4.16.x:
  version "4.16.6"
  resolved "https://registry.yarnpkg.com/lodash/-/lodash-4.16.6.tgz#d22c9ac660288f3843e16ba7d2b5d06cca27d777"

lodash@^2.4.1:
  version "2.4.2"
  resolved "https://registry.yarnpkg.com/lodash/-/lodash-2.4.2.tgz#fadd834b9683073da179b3eae6d9c0d15053f73e"

lodash@^3.1.0:
  version "3.10.1"
  resolved "https://registry.yarnpkg.com/lodash/-/lodash-3.10.1.tgz#5bf45e8e49ba4189e17d482789dfd15bd140b7b6"

lodash@^4.14.0:
  version "4.17.4"
  resolved "https://registry.yarnpkg.com/lodash/-/lodash-4.17.4.tgz#78203a4d1c328ae1d86dca6460e369b57f4055ae"

mailcomposer@^2.1.0:
  version "2.1.0"
  resolved "https://registry.yarnpkg.com/mailcomposer/-/mailcomposer-2.1.0.tgz#a6531822899614fee899c92226d81e2b9cbb183d"
  dependencies:
    buildmail "^2.0.0"
    libmime "^1.2.0"

media-typer@0.3.0:
  version "0.3.0"
  resolved "https://registry.yarnpkg.com/media-typer/-/media-typer-0.3.0.tgz#8710d7af0aa626f8fffa1ce00168545263255748"

merge-descriptors@1.0.1:
  version "1.0.1"
  resolved "https://registry.yarnpkg.com/merge-descriptors/-/merge-descriptors-1.0.1.tgz#b00aaa556dd8b44568150ec9d1b953f3f90cbb61"

methods@1.0.1:
  version "1.0.1"
  resolved "https://registry.yarnpkg.com/methods/-/methods-1.0.1.tgz#75bc91943dffd7da037cf3eeb0ed73a0037cd14b"

methods@~1.1.2:
  version "1.1.2"
  resolved "https://registry.yarnpkg.com/methods/-/methods-1.1.2.tgz#5529a4d67654134edcc5266656835b0f851afcee"

middleware-responder@^1.0.0:
  version "1.0.0"
  resolved "https://registry.yarnpkg.com/middleware-responder/-/middleware-responder-1.0.0.tgz#fac17a2247e2010901973d8e2080779a513c49fe"
  dependencies:
    lodash "^2.4.1"

"mime-db@>= 1.29.0 < 2", mime-db@~1.29.0:
  version "1.29.0"
  resolved "https://registry.yarnpkg.com/mime-db/-/mime-db-1.29.0.tgz#48d26d235589651704ac5916ca06001914266878"

mime-types@~2.1.11, mime-types@~2.1.15:
  version "2.1.16"
  resolved "https://registry.yarnpkg.com/mime-types/-/mime-types-2.1.16.tgz#2b858a52e5ecd516db897ac2be87487830698e23"
  dependencies:
    mime-db "~1.29.0"

mime@1.2.11, mime@~1.2.11:
  version "1.2.11"
  resolved "https://registry.yarnpkg.com/mime/-/mime-1.2.11.tgz#58203eed86e3a5ef17aed2b7d9ebd47f0a60dd10"

mime@1.3.4:
  version "1.3.4"
  resolved "https://registry.yarnpkg.com/mime/-/mime-1.3.4.tgz#115f9e3b6b3daf2959983cb38f149a2d40eb5d53"

minimist@~0.0.1:
  version "0.0.10"
  resolved "https://registry.yarnpkg.com/minimist/-/minimist-0.0.10.tgz#de3f98543dbf96082be48ad1a0c7cda836301dcf"

mongodb-core@2.1.15:
  version "2.1.15"
  resolved "https://registry.yarnpkg.com/mongodb-core/-/mongodb-core-2.1.15.tgz#841f53b87ffff4c7458189c35c8ae827e1169764"
  dependencies:
    bson "~1.0.4"
    require_optional "~1.0.0"

mongodb@2.2.31, "mongodb@>= 1.2.0 <3.0.0":
  version "2.2.31"
  resolved "https://registry.yarnpkg.com/mongodb/-/mongodb-2.2.31.tgz#1940445c661e19217bb3bf8245d9854aaef548db"
  dependencies:
    es6-promise "3.2.1"
    mongodb-core "2.1.15"
    readable-stream "2.2.7"

mongoose-timestamp@^0.3.0:
  version "0.3.0"
  resolved "https://registry.yarnpkg.com/mongoose-timestamp/-/mongoose-timestamp-0.3.0.tgz#fb30a651f145cd038599a99ad8ec341410789359"

mongoose@^4.2.5:
  version "4.11.7"
  resolved "https://registry.yarnpkg.com/mongoose/-/mongoose-4.11.7.tgz#39e6f60880146eadf2efc37257e628fad9ceed8d"
  dependencies:
    async "2.1.4"
    bson "~1.0.4"
    hooks-fixed "2.0.0"
    kareem "1.5.0"
    mongodb "2.2.31"
    mpath "0.3.0"
    mpromise "0.5.5"
    mquery "2.3.1"
    ms "2.0.0"
    muri "1.2.2"
    regexp-clone "0.0.1"
    sliced "1.0.1"

morgan@~1.3.0:
  version "1.3.2"
  resolved "https://registry.yarnpkg.com/morgan/-/morgan-1.3.2.tgz#ac41aa15221ee4e5f2ac843896b6918139a18efd"
  dependencies:
    basic-auth "1.0.0"
    depd "0.4.5"
    on-finished "2.1.0"

mpath@0.3.0:
  version "0.3.0"
  resolved "https://registry.yarnpkg.com/mpath/-/mpath-0.3.0.tgz#7a58f789e9b5fd3c94520634157960f26bd5ef44"

mpromise@0.5.5:
  version "0.5.5"
  resolved "https://registry.yarnpkg.com/mpromise/-/mpromise-0.5.5.tgz#f5b24259d763acc2257b0a0c8c6d866fd51732e6"

mquery@2.3.1:
  version "2.3.1"
  resolved "https://registry.yarnpkg.com/mquery/-/mquery-2.3.1.tgz#9ab36749714800ff0bb53a681ce4bc4d5f07c87b"
  dependencies:
    bluebird "2.10.2"
    debug "2.6.8"
    regexp-clone "0.0.1"
    sliced "0.0.5"

ms@0.6.2:
  version "0.6.2"
  resolved "https://registry.yarnpkg.com/ms/-/ms-0.6.2.tgz#d89c2124c6fdc1353d65a8b77bf1aac4b193708c"

ms@2.0.0:
  version "2.0.0"
  resolved "https://registry.yarnpkg.com/ms/-/ms-2.0.0.tgz#5608aeadfc00be6c2901df5f9861788de0d597c8"

muri@1.2.2:
  version "1.2.2"
  resolved "https://registry.yarnpkg.com/muri/-/muri-1.2.2.tgz#63198132650db08a04cc79ccd00dd389afd2631c"

needle@^0.10.0:
  version "0.10.0"
  resolved "https://registry.yarnpkg.com/needle/-/needle-0.10.0.tgz#16a24d63f2a61152eb74cce1d12af85c507577d4"
  dependencies:
    debug "^2.1.2"
    iconv-lite "^0.4.4"

needle@^0.11.0:
  version "0.11.0"
  resolved "https://registry.yarnpkg.com/needle/-/needle-0.11.0.tgz#02a71b008eaf7d55ae89fb9fd7685b7b88d7bc29"
  dependencies:
    debug "^2.1.2"
    iconv-lite "^0.4.4"

negotiator@0.6.1:
  version "0.6.1"
  resolved "https://registry.yarnpkg.com/negotiator/-/negotiator-0.6.1.tgz#2b327184e8992101177b28563fb5e7102acd0ca9"

nodemailer-direct-transport@^1.1.0:
  version "1.1.0"
  resolved "https://registry.yarnpkg.com/nodemailer-direct-transport/-/nodemailer-direct-transport-1.1.0.tgz#a2f78708ee6f16ea0573fc82949d138ff172f624"
  dependencies:
    smtp-connection "^1.3.1"

nodemailer-mailgunapi-transport@0.0.3:
  version "0.0.3"
  resolved "https://registry.yarnpkg.com/nodemailer-mailgunapi-transport/-/nodemailer-mailgunapi-transport-0.0.3.tgz#0eeab00399ada41f6fe18958175577e29cc6cd6e"
  dependencies:
    superagent "^0.18.2"

nodemailer-smtp-transport@^1.1.0:
  version "1.1.0"
  resolved "https://registry.yarnpkg.com/nodemailer-smtp-transport/-/nodemailer-smtp-transport-1.1.0.tgz#e6c37f31885ab3080e7ded3cf528c4ad7e691398"
  dependencies:
    clone "^1.0.2"
    nodemailer-wellknown "^0.1.7"
    smtp-connection "^1.3.7"

nodemailer-wellknown@^0.1.7:
  version "0.1.10"
  resolved "https://registry.yarnpkg.com/nodemailer-wellknown/-/nodemailer-wellknown-0.1.10.tgz#586db8101db30cb4438eb546737a41aad0cf13d5"

nodemailer@^1.3.0:
  version "1.11.0"
  resolved "https://registry.yarnpkg.com/nodemailer/-/nodemailer-1.11.0.tgz#4e69cb39b03015b1d1ef0c78a815412b9e976f79"
  dependencies:
    libmime "^1.2.0"
    mailcomposer "^2.1.0"
    needle "^0.11.0"
    nodemailer-direct-transport "^1.1.0"
    nodemailer-smtp-transport "^1.1.0"

object-assign@^4:
  version "4.1.1"
  resolved "https://registry.yarnpkg.com/object-assign/-/object-assign-4.1.1.tgz#2109adc7965887cfc05cbbd442cac8bfbb360863"

on-finished@2.1.0:
  version "2.1.0"
  resolved "https://registry.yarnpkg.com/on-finished/-/on-finished-2.1.0.tgz#0c539f09291e8ffadde0c8a25850fb2cedc7022d"
  dependencies:
    ee-first "1.0.5"

on-finished@~2.3.0:
  version "2.3.0"
  resolved "https://registry.yarnpkg.com/on-finished/-/on-finished-2.3.0.tgz#20f1336481b083cd75337992a16971aa2d906947"
  dependencies:
    ee-first "1.1.1"

on-headers@~1.0.1:
  version "1.0.1"
  resolved "https://registry.yarnpkg.com/on-headers/-/on-headers-1.0.1.tgz#928f5d0f470d49342651ea6794b0857c100693f7"

optimist@~0.6:
  version "0.6.1"
  resolved "https://registry.yarnpkg.com/optimist/-/optimist-0.6.1.tgz#da3ea74686fa21a19a111c326e90eb15a0196686"
  dependencies:
    minimist "~0.0.1"
    wordwrap "~0.0.2"

parseurl@~1.3.1:
  version "1.3.1"
  resolved "https://registry.yarnpkg.com/parseurl/-/parseurl-1.3.1.tgz#c8ab8c9223ba34888aa64a297b28853bec18da56"

passport-local@^1.0.0:
  version "1.0.0"
  resolved "https://registry.yarnpkg.com/passport-local/-/passport-local-1.0.0.tgz#1fe63268c92e75606626437e3b906662c15ba6ee"
  dependencies:
    passport-strategy "1.x.x"

passport-strategy@1.x.x:
  version "1.0.0"
  resolved "https://registry.yarnpkg.com/passport-strategy/-/passport-strategy-1.0.0.tgz#b5539aa8fc225a3d1ad179476ddf236b440f52e4"

passport@^0.2.1:
  version "0.2.2"
  resolved "https://registry.yarnpkg.com/passport/-/passport-0.2.2.tgz#9c38f17beb929f3d81af7b8838e8430db8703f2b"
  dependencies:
    passport-strategy "1.x.x"
    pause "0.0.1"

path-to-regexp@0.1.7:
  version "0.1.7"
  resolved "https://registry.yarnpkg.com/path-to-regexp/-/path-to-regexp-0.1.7.tgz#df604178005f522f15eb4490e7247a1bfaa67f8c"

pause@0.0.1:
  version "0.0.1"
  resolved "https://registry.yarnpkg.com/pause/-/pause-0.0.1.tgz#1d408b3fdb76923b9543d96fb4c9dfd535d9cb5d"

process-nextick-args@~1.0.6:
  version "1.0.7"
  resolved "https://registry.yarnpkg.com/process-nextick-args/-/process-nextick-args-1.0.7.tgz#150e20b756590ad3f91093f25a4f2ad8bff30ba3"

proxy-addr@~1.1.5:
  version "1.1.5"
  resolved "https://registry.yarnpkg.com/proxy-addr/-/proxy-addr-1.1.5.tgz#71c0ee3b102de3f202f3b64f608d173fcba1a918"
  dependencies:
    forwarded "~0.1.0"
    ipaddr.js "1.4.0"

qs@0.6.6:
  version "0.6.6"
  resolved "https://registry.yarnpkg.com/qs/-/qs-0.6.6.tgz#6e015098ff51968b8a3c819001d5f2c89bc4b107"

qs@6.4.0:
  version "6.4.0"
  resolved "https://registry.yarnpkg.com/qs/-/qs-6.4.0.tgz#13e26d28ad6b0ffaa91312cd3bf708ed351e7233"

qs@6.5.0:
  version "6.5.0"
  resolved "https://registry.yarnpkg.com/qs/-/qs-6.5.0.tgz#8d04954d364def3efc55b5a0793e1e2c8b1e6e49"

qs@^2.4.1:
  version "2.4.2"
  resolved "https://registry.yarnpkg.com/qs/-/qs-2.4.2.tgz#f7ce788e5777df0b5010da7f7c4e73ba32470f5a"

random-bytes@~1.0.0:
  version "1.0.0"
  resolved "https://registry.yarnpkg.com/random-bytes/-/random-bytes-1.0.0.tgz#4f68a1dc0ae58bd3fb95848c30324db75d64360b"

range-parser@~1.2.0:
  version "1.2.0"
  resolved "https://registry.yarnpkg.com/range-parser/-/range-parser-1.2.0.tgz#f49be6b487894ddc40dcc94a322f611092e00d5e"

raw-body@~2.2.0:
  version "2.2.0"
  resolved "https://registry.yarnpkg.com/raw-body/-/raw-body-2.2.0.tgz#994976cf6a5096a41162840492f0bdc5d6e7fb96"
  dependencies:
    bytes "2.4.0"
    iconv-lite "0.4.15"
    unpipe "1.0.0"

readable-stream@1.0.27-1:
  version "1.0.27-1"
  resolved "https://registry.yarnpkg.com/readable-stream/-/readable-stream-1.0.27-1.tgz#6b67983c20357cefd07f0165001a16d710d91078"
  dependencies:
    core-util-is "~1.0.0"
    inherits "~2.0.1"
    isarray "0.0.1"
    string_decoder "~0.10.x"

readable-stream@2.2.7:
  version "2.2.7"
  resolved "https://registry.yarnpkg.com/readable-stream/-/readable-stream-2.2.7.tgz#07057acbe2467b22042d36f98c5ad507054e95b1"
  dependencies:
    buffer-shims "~1.0.0"
    core-util-is "~1.0.0"
    inherits "~2.0.1"
    isarray "~1.0.0"
    process-nextick-args "~1.0.6"
    string_decoder "~1.0.0"
    util-deprecate "~1.0.1"

reduce-component@1.0.1:
  version "1.0.1"
  resolved "https://registry.yarnpkg.com/reduce-component/-/reduce-component-1.0.1.tgz#e0c93542c574521bea13df0f9488ed82ab77c5da"

regexp-clone@0.0.1:
  version "0.0.1"
  resolved "https://registry.yarnpkg.com/regexp-clone/-/regexp-clone-0.0.1.tgz#a7c2e09891fdbf38fbb10d376fb73003e68ac589"

require_optional@~1.0.0:
  version "1.0.1"
  resolved "https://registry.yarnpkg.com/require_optional/-/require_optional-1.0.1.tgz#4cf35a4247f64ca3df8c2ef208cc494b1ca8fc2e"
  dependencies:
    resolve-from "^2.0.0"
    semver "^5.1.0"

resolve-from@^2.0.0:
  version "2.0.0"
  resolved "https://registry.yarnpkg.com/resolve-from/-/resolve-from-2.0.0.tgz#9480ab20e94ffa1d9e80a804c7ea147611966b57"

safe-buffer@5.1.1, safe-buffer@~5.1.0:
  version "5.1.1"
  resolved "https://registry.yarnpkg.com/safe-buffer/-/safe-buffer-5.1.1.tgz#893312af69b2123def71f57889001671eeb2c853"

semver@^5.1.0:
  version "5.4.1"
  resolved "https://registry.yarnpkg.com/semver/-/semver-5.4.1.tgz#e059c09d8571f0540823733433505d3a2f00b18e"

send@0.15.4:
  version "0.15.4"
  resolved "https://registry.yarnpkg.com/send/-/send-0.15.4.tgz#985faa3e284b0273c793364a35c6737bd93905b9"
  dependencies:
    debug "2.6.8"
    depd "~1.1.1"
    destroy "~1.0.4"
    encodeurl "~1.0.1"
    escape-html "~1.0.3"
    etag "~1.8.0"
    fresh "0.5.0"
    http-errors "~1.6.2"
    mime "1.3.4"
    ms "2.0.0"
    on-finished "~2.3.0"
    range-parser "~1.2.0"
    statuses "~1.3.1"

serve-favicon@~2.1.3:
  version "2.1.7"
  resolved "https://registry.yarnpkg.com/serve-favicon/-/serve-favicon-2.1.7.tgz#7b911c0ea4c0f9a2ad686daa5222766f7bc7db79"
  dependencies:
    etag "~1.5.0"
    fresh "0.2.4"
    ms "0.6.2"

serve-static@1.12.4:
  version "1.12.4"
  resolved "https://registry.yarnpkg.com/serve-static/-/serve-static-1.12.4.tgz#9b6aa98eeb7253c4eedc4c1f6fdbca609901a961"
  dependencies:
    encodeurl "~1.0.1"
    escape-html "~1.0.3"
    parseurl "~1.3.1"
    send "0.15.4"

setprototypeof@1.0.3:
  version "1.0.3"
  resolved "https://registry.yarnpkg.com/setprototypeof/-/setprototypeof-1.0.3.tgz#66567e37043eeb4f04d91bd658c0cbefb55b8e04"

sliced@0.0.5:
  version "0.0.5"
  resolved "https://registry.yarnpkg.com/sliced/-/sliced-0.0.5.tgz#5edc044ca4eb6f7816d50ba2fc63e25d8fe4707f"

sliced@1.0.1:
  version "1.0.1"
  resolved "https://registry.yarnpkg.com/sliced/-/sliced-1.0.1.tgz#0b3a662b5d04c3177b1926bea82b03f837a2ef41"

smtp-connection@^1.3.1, smtp-connection@^1.3.7:
  version "1.3.8"
  resolved "https://registry.yarnpkg.com/smtp-connection/-/smtp-connection-1.3.8.tgz#55832c2160cfb3086e1dcd87fd1c19fa61b7f536"

source-map@0.1.34:
  version "0.1.34"
  resolved "https://registry.yarnpkg.com/source-map/-/source-map-0.1.34.tgz#a7cfe89aec7b1682c3b198d0acfb47d7d090566b"
  dependencies:
    amdefine ">=0.0.4"

"statuses@>= 1.3.1 < 2", statuses@~1.3.1:
  version "1.3.1"
  resolved "https://registry.yarnpkg.com/statuses/-/statuses-1.3.1.tgz#faf51b9eb74aaef3b3acf4ad5f61abf24cb7b93e"

string_decoder@~0.10.x:
  version "0.10.31"
  resolved "https://registry.yarnpkg.com/string_decoder/-/string_decoder-0.10.31.tgz#62e203bc41766c6c28c9fc84301dab1c5310fa94"

string_decoder@~1.0.0:
  version "1.0.3"
  resolved "https://registry.yarnpkg.com/string_decoder/-/string_decoder-1.0.3.tgz#0fc67d7c141825de94282dd536bec6b9bce860ab"
  dependencies:
    safe-buffer "~5.1.0"

stripe-webhook-middleware@^0.2.0:
  version "0.2.0"
  resolved "https://registry.yarnpkg.com/stripe-webhook-middleware/-/stripe-webhook-middleware-0.2.0.tgz#32a01ed79bb4c55ddaa0a5cd62456baf34712e25"
  dependencies:
    stripe "^3.9.0"

stripe@^3.0.2, stripe@^3.9.0:
  version "3.9.0"
  resolved "https://registry.yarnpkg.com/stripe/-/stripe-3.9.0.tgz#274e1ab28872c3afaadfa73c8a4b675d60a5e7e4"
  dependencies:
    bluebird "^2.9.6"
    lodash "^3.1.0"
    qs "^2.4.1"

superagent@^0.18.2:
  version "0.18.2"
  resolved "https://registry.yarnpkg.com/superagent/-/superagent-0.18.2.tgz#9afc6276a9475f4bdcd535ac6a0685ebc4b560eb"
  dependencies:
    component-emitter "1.1.2"
    cookiejar "2.0.1"
    debug "~1.0.1"
    extend "~1.2.1"
    form-data "0.1.3"
    formidable "1.0.14"
    methods "1.0.1"
    mime "1.2.11"
    qs "0.6.6"
    readable-stream "1.0.27-1"
    reduce-component "1.0.1"

swig@^1.4.2:
  version "1.4.2"
  resolved "https://registry.yarnpkg.com/swig/-/swig-1.4.2.tgz#4085ca0453369104b5d483e2841b39b7ae1aaba5"
  dependencies:
    optimist "~0.6"
    uglify-js "~2.4"

type-is@~1.6.15:
  version "1.6.15"
  resolved "https://registry.yarnpkg.com/type-is/-/type-is-1.6.15.tgz#cab10fb4909e441c82842eafe1ad646c81804410"
  dependencies:
    media-typer "0.3.0"
    mime-types "~2.1.15"

uglify-js@~2.4:
  version "2.4.24"
  resolved "https://registry.yarnpkg.com/uglify-js/-/uglify-js-2.4.24.tgz#fad5755c1e1577658bb06ff9ab6e548c95bebd6e"
  dependencies:
    async "~0.2.6"
    source-map "0.1.34"
    uglify-to-browserify "~1.0.0"
    yargs "~3.5.4"

uglify-to-browserify@~1.0.0:
  version "1.0.2"
  resolved "https://registry.yarnpkg.com/uglify-to-browserify/-/uglify-to-browserify-1.0.2.tgz#6e0924d6bda6b5afe349e39a6d632850a0f882b7"

uid-safe@~2.1.4:
  version "2.1.5"
  resolved "https://registry.yarnpkg.com/uid-safe/-/uid-safe-2.1.5.tgz#2b3d5c7240e8fc2e58f8aa269e5ee49c0857bd3a"
  dependencies:
    random-bytes "~1.0.0"

unpipe@1.0.0, unpipe@~1.0.0:
  version "1.0.0"
  resolved "https://registry.yarnpkg.com/unpipe/-/unpipe-1.0.0.tgz#b2bf4ee8514aae6165b4817829d21b2ef49904ec"

util-deprecate@~1.0.1:
  version "1.0.2"
  resolved "https://registry.yarnpkg.com/util-deprecate/-/util-deprecate-1.0.2.tgz#450d4dc9fa70de732762fbd2d4a28981419a0ccf"

utils-merge@1.0.0:
  version "1.0.0"
  resolved "https://registry.yarnpkg.com/utils-merge/-/utils-merge-1.0.0.tgz#0294fb922bb9375153541c4f7096231f287c8af8"

validator@5.7.x:
  version "5.7.0"
  resolved "https://registry.yarnpkg.com/validator/-/validator-5.7.0.tgz#7a87a58146b695ac486071141c0c49d67da05e5c"

vary@^1, vary@~1.1.1:
  version "1.1.1"
  resolved "https://registry.yarnpkg.com/vary/-/vary-1.1.1.tgz#67535ebb694c1d52257457984665323f587e8d37"

window-size@0.1.0:
  version "0.1.0"
  resolved "https://registry.yarnpkg.com/window-size/-/window-size-0.1.0.tgz#5438cd2ea93b202efa3a19fe8887aee7c94f9c9d"

wordwrap@0.0.2:
  version "0.0.2"
  resolved "https://registry.yarnpkg.com/wordwrap/-/wordwrap-0.0.2.tgz#b79669bb42ecb409f83d583cad52ca17eaa1643f"

wordwrap@~0.0.2:
  version "0.0.3"
  resolved "https://registry.yarnpkg.com/wordwrap/-/wordwrap-0.0.3.tgz#a3d5da6cd5c0bc0008d37234bbaf1bed63059107"

yargs@~3.5.4:
  version "3.5.4"
  resolved "https://registry.yarnpkg.com/yargs/-/yargs-3.5.4.tgz#d8aff8f665e94c34bd259bdebd1bfaf0ddd35361"
  dependencies:
    camelcase "^1.0.2"
    decamelize "^1.0.0"
    window-size "0.1.0"
    wordwrap "0.0.2"
